// !$*UTF8*$!
{
	archiveVersion = 1;
	classes = {
	};
	objectVersion = 56;
	objects = {

/* Begin PBXBuildFile section */
		11D0C0CD29FAACF300C1FF8C /* JazzBarsPragueApp.swift in Sources */ = {isa = PBXBuildFile; fileRef = 11D0C0CC29FAACF300C1FF8C /* JazzBarsPragueApp.swift */; };
		11D0C0CF29FAACF300C1FF8C /* ContentView.swift in Sources */ = {isa = PBXBuildFile; fileRef = 11D0C0CE29FAACF300C1FF8C /* ContentView.swift */; };
		11D0C0D129FAACF500C1FF8C /* Assets.xcassets in Resources */ = {isa = PBXBuildFile; fileRef = 11D0C0D029FAACF500C1FF8C /* Assets.xcassets */; };
		11D0C0D429FAACF500C1FF8C /* Preview Assets.xcassets in Resources */ = {isa = PBXBuildFile; fileRef = 11D0C0D329FAACF500C1FF8C /* Preview Assets.xcassets */; };
		11D0C0E129FAD3CA00C1FF8C /* LocationsDataService.swift in Sources */ = {isa = PBXBuildFile; fileRef = 11D0C0E029FAD3CA00C1FF8C /* LocationsDataService.swift */; };
		11D0C0E529FC280400C1FF8C /* LocationView.swift in Sources */ = {isa = PBXBuildFile; fileRef = 11D0C0E429FC280400C1FF8C /* LocationView.swift */; };
		11D0C0E729FC283F00C1FF8C /* LocationViewModel.swift in Sources */ = {isa = PBXBuildFile; fileRef = 11D0C0E629FC283F00C1FF8C /* LocationViewModel.swift */; };
		11D0C0E929FC290700C1FF8C /* LocationPreviewView.swift in Sources */ = {isa = PBXBuildFile; fileRef = 11D0C0E829FC290700C1FF8C /* LocationPreviewView.swift */; };
		11D7C13C29FC29D500F2A2CE /* LocationMapAnnotationView.swift in Sources */ = {isa = PBXBuildFile; fileRef = 11D7C13B29FC29D500F2A2CE /* LocationMapAnnotationView.swift */; };
		11D7C13E29FC2A3D00F2A2CE /* ListView.swift in Sources */ = {isa = PBXBuildFile; fileRef = 11D7C13D29FC2A3D00F2A2CE /* ListView.swift */; };
		11D7C14029FC2A6F00F2A2CE /* LocationDetailView.swift in Sources */ = {isa = PBXBuildFile; fileRef = 11D7C13F29FC2A6F00F2A2CE /* LocationDetailView.swift */; };
		11D7C14229FC2A9800F2A2CE /* Location.swift in Sources */ = {isa = PBXBuildFile; fileRef = 11D7C14129FC2A9800F2A2CE /* Location.swift */; };
		11D7C14D29FEF2CB00F2A2CE /* LaunchScreen.storyboard in Resources */ = {isa = PBXBuildFile; fileRef = 11D7C14C29FEF2CB00F2A2CE /* LaunchScreen.storyboard */; };
/* End PBXBuildFile section */

/* Begin PBXFileReference section */
		11D0C0C929FAACF300C1FF8C /* JazzBarsPrague.app */ = {isa = PBXFileReference; explicitFileType = wrapper.application; includeInIndex = 0; path = JazzBarsPrague.app; sourceTree = BUILT_PRODUCTS_DIR; };
		11D0C0CC29FAACF300C1FF8C /* JazzBarsPragueApp.swift */ = {isa = PBXFileReference; lastKnownFileType = sourcecode.swift; path = JazzBarsPragueApp.swift; sourceTree = "<group>"; };
		11D0C0CE29FAACF300C1FF8C /* ContentView.swift */ = {isa = PBXFileReference; lastKnownFileType = sourcecode.swift; path = ContentView.swift; sourceTree = "<group>"; };
		11D0C0D029FAACF500C1FF8C /* Assets.xcassets */ = {isa = PBXFileReference; lastKnownFileType = folder.assetcatalog; path = Assets.xcassets; sourceTree = "<group>"; };
		11D0C0D329FAACF500C1FF8C /* Preview Assets.xcassets */ = {isa = PBXFileReference; lastKnownFileType = folder.assetcatalog; path = "Preview Assets.xcassets"; sourceTree = "<group>"; };
		11D0C0E029FAD3CA00C1FF8C /* LocationsDataService.swift */ = {isa = PBXFileReference; lastKnownFileType = sourcecode.swift; path = LocationsDataService.swift; sourceTree = "<group>"; };
		11D0C0E429FC280400C1FF8C /* LocationView.swift */ = {isa = PBXFileReference; lastKnownFileType = sourcecode.swift; path = LocationView.swift; sourceTree = "<group>"; };
		11D0C0E629FC283F00C1FF8C /* LocationViewModel.swift */ = {isa = PBXFileReference; lastKnownFileType = sourcecode.swift; path = LocationViewModel.swift; sourceTree = "<group>"; };
		11D0C0E829FC290700C1FF8C /* LocationPreviewView.swift */ = {isa = PBXFileReference; lastKnownFileType = sourcecode.swift; path = LocationPreviewView.swift; sourceTree = "<group>"; };
		11D7C13B29FC29D500F2A2CE /* LocationMapAnnotationView.swift */ = {isa = PBXFileReference; lastKnownFileType = sourcecode.swift; path = LocationMapAnnotationView.swift; sourceTree = "<group>"; };
		11D7C13D29FC2A3D00F2A2CE /* ListView.swift */ = {isa = PBXFileReference; lastKnownFileType = sourcecode.swift; path = ListView.swift; sourceTree = "<group>"; };
		11D7C13F29FC2A6F00F2A2CE /* LocationDetailView.swift */ = {isa = PBXFileReference; lastKnownFileType = sourcecode.swift; path = LocationDetailView.swift; sourceTree = "<group>"; };
		11D7C14129FC2A9800F2A2CE /* Location.swift */ = {isa = PBXFileReference; lastKnownFileType = sourcecode.swift; path = Location.swift; sourceTree = "<group>"; };
		11D7C14C29FEF2CB00F2A2CE /* LaunchScreen.storyboard */ = {isa = PBXFileReference; lastKnownFileType = file.storyboard; path = LaunchScreen.storyboard; sourceTree = "<group>"; };
/* End PBXFileReference section */

/* Begin PBXFrameworksBuildPhase section */
		11D0C0C629FAACF300C1FF8C /* Frameworks */ = {
			isa = PBXFrameworksBuildPhase;
			buildActionMask = 2147483647;
			files = (
			);
			runOnlyForDeploymentPostprocessing = 0;
		};
/* End PBXFrameworksBuildPhase section */

/* Begin PBXGroup section */
		11D0C0C029FAACF300C1FF8C = {
			isa = PBXGroup;
			children = (
				11D0C0CB29FAACF300C1FF8C /* JazzBarsPrague */,
				11D0C0CA29FAACF300C1FF8C /* Products */,
			);
			sourceTree = "<group>";
		};
		11D0C0CA29FAACF300C1FF8C /* Products */ = {
			isa = PBXGroup;
			children = (
				11D0C0C929FAACF300C1FF8C /* JazzBarsPrague.app */,
			);
			name = Products;
			sourceTree = "<group>";
		};
		11D0C0CB29FAACF300C1FF8C /* JazzBarsPrague */ = {
			isa = PBXGroup;
			children = (
				11D0C0CC29FAACF300C1FF8C /* JazzBarsPragueApp.swift */,
				11D7C14C29FEF2CB00F2A2CE /* LaunchScreen.storyboard */,
				11D0C0CE29FAACF300C1FF8C /* ContentView.swift */,
				11D0C0DC29FAD30900C1FF8C /* DataServices */,
				11D0C0DD29FAD33500C1FF8C /* Views */,
				11D0C0DE29FAD33E00C1FF8C /* ViewModels */,
				11D0C0DF29FAD35300C1FF8C /* Models */,
				11D0C0D029FAACF500C1FF8C /* Assets.xcassets */,
				11D0C0D229FAACF500C1FF8C /* Preview Content */,
			);
			path = JazzBarsPrague;
			sourceTree = "<group>";
		};
		11D0C0D229FAACF500C1FF8C /* Preview Content */ = {
			isa = PBXGroup;
			children = (
				11D0C0D329FAACF500C1FF8C /* Preview Assets.xcassets */,
			);
			path = "Preview Content";
			sourceTree = "<group>";
		};
		11D0C0DC29FAD30900C1FF8C /* DataServices */ = {
			isa = PBXGroup;
			children = (
				11D0C0E029FAD3CA00C1FF8C /* LocationsDataService.swift */,
			);
			path = DataServices;
			sourceTree = "<group>";
		};
		11D0C0DD29FAD33500C1FF8C /* Views */ = {
			isa = PBXGroup;
			children = (
				11D0C0E429FC280400C1FF8C /* LocationView.swift */,
				11D0C0E829FC290700C1FF8C /* LocationPreviewView.swift */,
				11D7C13B29FC29D500F2A2CE /* LocationMapAnnotationView.swift */,
				11D7C13D29FC2A3D00F2A2CE /* ListView.swift */,
				11D7C13F29FC2A6F00F2A2CE /* LocationDetailView.swift */,
			);
			path = Views;
			sourceTree = "<group>";
		};
		11D0C0DE29FAD33E00C1FF8C /* ViewModels */ = {
			isa = PBXGroup;
			children = (
				11D0C0E629FC283F00C1FF8C /* LocationViewModel.swift */,
			);
			path = ViewModels;
			sourceTree = "<group>";
		};
		11D0C0DF29FAD35300C1FF8C /* Models */ = {
			isa = PBXGroup;
			children = (
				11D7C14129FC2A9800F2A2CE /* Location.swift */,
			);
			path = Models;
			sourceTree = "<group>";
		};
/* End PBXGroup section */

/* Begin PBXNativeTarget section */
		11D0C0C829FAACF300C1FF8C /* JazzBarsPrague */ = {
			isa = PBXNativeTarget;
			buildConfigurationList = 11D0C0D729FAACF500C1FF8C /* Build configuration list for PBXNativeTarget "JazzBarsPrague" */;
			buildPhases = (
				11D0C0C529FAACF300C1FF8C /* Sources */,
				11D0C0C629FAACF300C1FF8C /* Frameworks */,
				11D0C0C729FAACF300C1FF8C /* Resources */,
			);
			buildRules = (
			);
			dependencies = (
			);
			name = JazzBarsPrague;
			packageProductDependencies = (
			);
			productName = JazzBarsPrague;
			productReference = 11D0C0C929FAACF300C1FF8C /* JazzBarsPrague.app */;
			productType = "com.apple.product-type.application";
		};
/* End PBXNativeTarget section */

/* Begin PBXProject section */
		11D0C0C129FAACF300C1FF8C /* Project object */ = {
			isa = PBXProject;
			attributes = {
				BuildIndependentTargetsInParallel = 1;
				LastSwiftUpdateCheck = 1430;
				LastUpgradeCheck = 1430;
				TargetAttributes = {
					11D0C0C829FAACF300C1FF8C = {
						CreatedOnToolsVersion = 14.3;
					};
				};
			};
			buildConfigurationList = 11D0C0C429FAACF300C1FF8C /* Build configuration list for PBXProject "JazzBarsPrague" */;
			compatibilityVersion = "Xcode 14.0";
			developmentRegion = en;
			hasScannedForEncodings = 0;
			knownRegions = (
				en,
				Base,
			);
			mainGroup = 11D0C0C029FAACF300C1FF8C;
			packageReferences = (
				11D7C14729FEDC9D00F2A2CE /* XCRemoteSwiftPackageReference "SwiftSoup" */,
			);
			productRefGroup = 11D0C0CA29FAACF300C1FF8C /* Products */;
			projectDirPath = "";
			projectRoot = "";
			targets = (
				11D0C0C829FAACF300C1FF8C /* JazzBarsPrague */,
			);
		};
/* End PBXProject section */

/* Begin PBXResourcesBuildPhase section */
		11D0C0C729FAACF300C1FF8C /* Resources */ = {
			isa = PBXResourcesBuildPhase;
			buildActionMask = 2147483647;
			files = (
				11D7C14D29FEF2CB00F2A2CE /* LaunchScreen.storyboard in Resources */,
				11D0C0D429FAACF500C1FF8C /* Preview Assets.xcassets in Resources */,
				11D0C0D129FAACF500C1FF8C /* Assets.xcassets in Resources */,
			);
			runOnlyForDeploymentPostprocessing = 0;
		};
/* End PBXResourcesBuildPhase section */

/* Begin PBXSourcesBuildPhase section */
		11D0C0C529FAACF300C1FF8C /* Sources */ = {
			isa = PBXSourcesBuildPhase;
			buildActionMask = 2147483647;
			files = (
				11D7C13E29FC2A3D00F2A2CE /* ListView.swift in Sources */,
				11D0C0CF29FAACF300C1FF8C /* ContentView.swift in Sources */,
				11D7C14229FC2A9800F2A2CE /* Location.swift in Sources */,
				11D7C14029FC2A6F00F2A2CE /* LocationDetailView.swift in Sources */,
				11D7C13C29FC29D500F2A2CE /* LocationMapAnnotationView.swift in Sources */,
				11D0C0E529FC280400C1FF8C /* LocationView.swift in Sources */,
				11D0C0CD29FAACF300C1FF8C /* JazzBarsPragueApp.swift in Sources */,
				11D0C0E729FC283F00C1FF8C /* LocationViewModel.swift in Sources */,
				11D0C0E929FC290700C1FF8C /* LocationPreviewView.swift in Sources */,
				11D0C0E129FAD3CA00C1FF8C /* LocationsDataService.swift in Sources */,
			);
			runOnlyForDeploymentPostprocessing = 0;
		};
/* End PBXSourcesBuildPhase section */

/* Begin XCBuildConfiguration section */
		11D0C0D529FAACF500C1FF8C /* Debug */ = {
			isa = XCBuildConfiguration;
			buildSettings = {
				ALWAYS_SEARCH_USER_PATHS = NO;
				CLANG_ANALYZER_NONNULL = YES;
				CLANG_ANALYZER_NUMBER_OBJECT_CONVERSION = YES_AGGRESSIVE;
				CLANG_CXX_LANGUAGE_STANDARD = "gnu++20";
				CLANG_ENABLE_MODULES = YES;
				CLANG_ENABLE_OBJC_ARC = YES;
				CLANG_ENABLE_OBJC_WEAK = YES;
				CLANG_WARN_BLOCK_CAPTURE_AUTORELEASING = YES;
				CLANG_WARN_BOOL_CONVERSION = YES;
				CLANG_WARN_COMMA = YES;
				CLANG_WARN_CONSTANT_CONVERSION = YES;
				CLANG_WARN_DEPRECATED_OBJC_IMPLEMENTATIONS = YES;
				CLANG_WARN_DIRECT_OBJC_ISA_USAGE = YES_ERROR;
				CLANG_WARN_DOCUMENTATION_COMMENTS = YES;
				CLANG_WARN_EMPTY_BODY = YES;
				CLANG_WARN_ENUM_CONVERSION = YES;
				CLANG_WARN_INFINITE_RECURSION = YES;
				CLANG_WARN_INT_CONVERSION = YES;
				CLANG_WARN_NON_LITERAL_NULL_CONVERSION = YES;
				CLANG_WARN_OBJC_IMPLICIT_RETAIN_SELF = YES;
				CLANG_WARN_OBJC_LITERAL_CONVERSION = YES;
				CLANG_WARN_OBJC_ROOT_CLASS = YES_ERROR;
				CLANG_WARN_QUOTED_INCLUDE_IN_FRAMEWORK_HEADER = YES;
				CLANG_WARN_RANGE_LOOP_ANALYSIS = YES;
				CLANG_WARN_STRICT_PROTOTYPES = YES;
				CLANG_WARN_SUSPICIOUS_MOVE = YES;
				CLANG_WARN_UNGUARDED_AVAILABILITY = YES_AGGRESSIVE;
				CLANG_WARN_UNREACHABLE_CODE = YES;
				CLANG_WARN__DUPLICATE_METHOD_MATCH = YES;
				COPY_PHASE_STRIP = NO;
				DEBUG_INFORMATION_FORMAT = dwarf;
				ENABLE_STRICT_OBJC_MSGSEND = YES;
				ENABLE_TESTABILITY = YES;
				GCC_C_LANGUAGE_STANDARD = gnu11;
				GCC_DYNAMIC_NO_PIC = NO;
				GCC_NO_COMMON_BLOCKS = YES;
				GCC_OPTIMIZATION_LEVEL = 0;
				GCC_PREPROCESSOR_DEFINITIONS = (
					"DEBUG=1",
					"$(inherited)",
				);
				GCC_WARN_64_TO_32_BIT_CONVERSION = YES;
				GCC_WARN_ABOUT_RETURN_TYPE = YES_ERROR;
				GCC_WARN_UNDECLARED_SELECTOR = YES;
				GCC_WARN_UNINITIALIZED_AUTOS = YES_AGGRESSIVE;
				GCC_WARN_UNUSED_FUNCTION = YES;
				GCC_WARN_UNUSED_VARIABLE = YES;
				IPHONEOS_DEPLOYMENT_TARGET = 16.4;
				MTL_ENABLE_DEBUG_INFO = INCLUDE_SOURCE;
				MTL_FAST_MATH = YES;
				ONLY_ACTIVE_ARCH = YES;
				SDKROOT = iphoneos;
				SWIFT_ACTIVE_COMPILATION_CONDITIONS = DEBUG;
				SWIFT_OPTIMIZATION_LEVEL = "-Onone";
			};
			name = Debug;
		};
		11D0C0D629FAACF500C1FF8C /* Release */ = {
			isa = XCBuildConfiguration;
			buildSettings = {
				ALWAYS_SEARCH_USER_PATHS = NO;
				CLANG_ANALYZER_NONNULL = YES;
				CLANG_ANALYZER_NUMBER_OBJECT_CONVERSION = YES_AGGRESSIVE;
				CLANG_CXX_LANGUAGE_STANDARD = "gnu++20";
				CLANG_ENABLE_MODULES = YES;
				CLANG_ENABLE_OBJC_ARC = YES;
				CLANG_ENABLE_OBJC_WEAK = YES;
				CLANG_WARN_BLOCK_CAPTURE_AUTORELEASING = YES;
				CLANG_WARN_BOOL_CONVERSION = YES;
				CLANG_WARN_COMMA = YES;
				CLANG_WARN_CONSTANT_CONVERSION = YES;
				CLANG_WARN_DEPRECATED_OBJC_IMPLEMENTATIONS = YES;
				CLANG_WARN_DIRECT_OBJC_ISA_USAGE = YES_ERROR;
				CLANG_WARN_DOCUMENTATION_COMMENTS = YES;
				CLANG_WARN_EMPTY_BODY = YES;
				CLANG_WARN_ENUM_CONVERSION = YES;
				CLANG_WARN_INFINITE_RECURSION = YES;
				CLANG_WARN_INT_CONVERSION = YES;
				CLANG_WARN_NON_LITERAL_NULL_CONVERSION = YES;
				CLANG_WARN_OBJC_IMPLICIT_RETAIN_SELF = YES;
				CLANG_WARN_OBJC_LITERAL_CONVERSION = YES;
				CLANG_WARN_OBJC_ROOT_CLASS = YES_ERROR;
				CLANG_WARN_QUOTED_INCLUDE_IN_FRAMEWORK_HEADER = YES;
				CLANG_WARN_RANGE_LOOP_ANALYSIS = YES;
				CLANG_WARN_STRICT_PROTOTYPES = YES;
				CLANG_WARN_SUSPICIOUS_MOVE = YES;
				CLANG_WARN_UNGUARDED_AVAILABILITY = YES_AGGRESSIVE;
				CLANG_WARN_UNREACHABLE_CODE = YES;
				CLANG_WARN__DUPLICATE_METHOD_MATCH = YES;
				COPY_PHASE_STRIP = NO;
				DEBUG_INFORMATION_FORMAT = "dwarf-with-dsym";
				ENABLE_NS_ASSERTIONS = NO;
				ENABLE_STRICT_OBJC_MSGSEND = YES;
				GCC_C_LANGUAGE_STANDARD = gnu11;
				GCC_NO_COMMON_BLOCKS = YES;
				GCC_WARN_64_TO_32_BIT_CONVERSION = YES;
				GCC_WARN_ABOUT_RETURN_TYPE = YES_ERROR;
				GCC_WARN_UNDECLARED_SELECTOR = YES;
				GCC_WARN_UNINITIALIZED_AUTOS = YES_AGGRESSIVE;
				GCC_WARN_UNUSED_FUNCTION = YES;
				GCC_WARN_UNUSED_VARIABLE = YES;
				IPHONEOS_DEPLOYMENT_TARGET = 16.4;
				MTL_ENABLE_DEBUG_INFO = NO;
				MTL_FAST_MATH = YES;
				SDKROOT = iphoneos;
				SWIFT_COMPILATION_MODE = wholemodule;
				SWIFT_OPTIMIZATION_LEVEL = "-O";
				VALIDATE_PRODUCT = YES;
			};
			name = Release;
		};
		11D0C0D829FAACF500C1FF8C /* Debug */ = {
			isa = XCBuildConfiguration;
			buildSettings = {
				ASSETCATALOG_COMPILER_APPICON_NAME = AppIcon;
				ASSETCATALOG_COMPILER_GLOBAL_ACCENT_COLOR_NAME = AccentColor;
				ASSETCATALOG_COMPILER_INCLUDE_ALL_APPICON_ASSETS = NO;
				CODE_SIGN_STYLE = Automatic;
				CURRENT_PROJECT_VERSION = 1;
				DEVELOPMENT_ASSET_PATHS = "\"JazzBarsPrague/Preview Content\"";
				DEVELOPMENT_TEAM = AL99KB9A92;
				ENABLE_PREVIEWS = YES;
				GENERATE_INFOPLIST_FILE = YES;
				INFOPLIST_KEY_LSApplicationCategoryType = "public.app-category.travel";
				INFOPLIST_KEY_UIApplicationSceneManifest_Generation = YES;
				INFOPLIST_KEY_UIApplicationSupportsIndirectInputEvents = YES;
				INFOPLIST_KEY_UILaunchScreen_Generation = YES;
				INFOPLIST_KEY_UILaunchStoryboardName = LaunchScreen.storyboard;
				INFOPLIST_KEY_UISupportedInterfaceOrientations_iPad = "UIInterfaceOrientationPortrait UIInterfaceOrientationPortraitUpsideDown UIInterfaceOrientationLandscapeLeft UIInterfaceOrientationLandscapeRight";
				INFOPLIST_KEY_UISupportedInterfaceOrientations_iPhone = UIInterfaceOrientationPortrait;
				LD_RUNPATH_SEARCH_PATHS = (
					"$(inherited)",
					"@executable_path/Frameworks",
				);
				MARKETING_VERSION = 1.0;
				PRODUCT_BUNDLE_IDENTIFIER = com.jankubin.JazzBarsPrague;
				PRODUCT_NAME = "$(TARGET_NAME)";
				SWIFT_EMIT_LOC_STRINGS = YES;
				SWIFT_VERSION = 5.0;
				TARGETED_DEVICE_FAMILY = "1,2";
			};
			name = Debug;
		};
		11D0C0D929FAACF500C1FF8C /* Release */ = {
			isa = XCBuildConfiguration;
			buildSettings = {
				ASSETCATALOG_COMPILER_APPICON_NAME = AppIcon;
				ASSETCATALOG_COMPILER_GLOBAL_ACCENT_COLOR_NAME = AccentColor;
				ASSETCATALOG_COMPILER_INCLUDE_ALL_APPICON_ASSETS = NO;
				CODE_SIGN_STYLE = Automatic;
				CURRENT_PROJECT_VERSION = 1;
				DEVELOPMENT_ASSET_PATHS = "\"JazzBarsPrague/Preview Content\"";
				DEVELOPMENT_TEAM = AL99KB9A92;
				ENABLE_PREVIEWS = YES;
				GENERATE_INFOPLIST_FILE = YES;
				INFOPLIST_KEY_LSApplicationCategoryType = "public.app-category.travel";
				INFOPLIST_KEY_UIApplicationSceneManifest_Generation = YES;
				INFOPLIST_KEY_UIApplicationSupportsIndirectInputEvents = YES;
				INFOPLIST_KEY_UILaunchScreen_Generation = YES;
				INFOPLIST_KEY_UILaunchStoryboardName = LaunchScreen.storyboard;
				INFOPLIST_KEY_UISupportedInterfaceOrientations_iPad = "UIInterfaceOrientationPortrait UIInterfaceOrientationPortraitUpsideDown UIInterfaceOrientationLandscapeLeft UIInterfaceOrientationLandscapeRight";
				INFOPLIST_KEY_UISupportedInterfaceOrientations_iPhone = UIInterfaceOrientationPortrait;
				LD_RUNPATH_SEARCH_PATHS = (
					"$(inherited)",
					"@executable_path/Frameworks",
				);
				MARKETING_VERSION = 1.0;
				PRODUCT_BUNDLE_IDENTIFIER = com.jankubin.JazzBarsPrague;
				PRODUCT_NAME = "$(TARGET_NAME)";
				SWIFT_EMIT_LOC_STRINGS = YES;
				SWIFT_VERSION = 5.0;
				TARGETED_DEVICE_FAMILY = "1,2";
			};
			name = Release;
		};
/* End XCBuildConfiguration section */

/* Begin XCConfigurationList section */
		11D0C0C429FAACF300C1FF8C /* Build configuration list for PBXProject "JazzBarsPrague" */ = {
			isa = XCConfigurationList;
			buildConfigurations = (
				11D0C0D529FAACF500C1FF8C /* Debug */,
				11D0C0D629FAACF500C1FF8C /* Release */,
			);
			defaultConfigurationIsVisible = 0;
			defaultConfigurationName = Release;
		};
		11D0C0D729FAACF500C1FF8C /* Build configuration list for PBXNativeTarget "JazzBarsPrague" */ = {
			isa = XCConfigurationList;
			buildConfigurations = (
				11D0C0D829FAACF500C1FF8C /* Debug */,
				11D0C0D929FAACF500C1FF8C /* Release */,
			);
			defaultConfigurationIsVisible = 0;
			defaultConfigurationName = Release;
		};
/* End XCConfigurationList section */

/* Begin XCRemoteSwiftPackageReference section */
		11D7C14729FEDC9D00F2A2CE /* XCRemoteSwiftPackageReference "SwiftSoup" */ = {
			isa = XCRemoteSwiftPackageReference;
			repositoryURL = "https://github.com/scinfu/SwiftSoup.git";
			requirement = {
				kind = upToNextMajorVersion;
				minimumVersion = 2.0.0;
			};
		};
/* End XCRemoteSwiftPackageReference section */
	};
	rootObject = 11D0C0C129FAACF300C1FF8C /* Project object */;
}
